
Microsoft Visual Studio Solution File, Format Version 12.00
# Visual Studio Version 17
VisualStudioVersion = 17.7.34024.191
MinimumVisualStudioVersion = 10.0.40219.1
Project("{FAE04EC0-301F-11D3-BF4B-00C04F79EFBC}") = "NotesAppForms", "NotesAppForms\NotesAppForms.csproj", "{190A2D23-5C4B-4BD1-ADA1-0B38037D32A3}"
EndProject
Global
	GlobalSection(SolutionConfigurationPlatforms) = preSolution
		Debug|Any CPU = Debug|Any CPU
		Release|Any CPU = Release|Any CPU
	EndGlobalSection
	GlobalSection(ProjectConfigurationPlatforms) = postSolution
		{190A2D23-5C4B-4BD1-ADA1-0B38037D32A3}.Debug|Any CPU.ActiveCfg = Debug|Any CPU
		{190A2D23-5C4B-4BD1-ADA1-0B38037D32A3}.Debug|Any CPU.Build.0 = Debug|Any CPU
		{190A2D23-5C4B-4BD1-ADA1-0B38037D32A3}.Release|Any CPU.ActiveCfg = Release|Any CPU
		{190A2D23-5C4B-4BD1-ADA1-0B38037D32A3}.Release|Any CPU.Build.0 = Release|Any CPU
	EndGlobalSection
	GlobalSection(SolutionProperties) = preSolution
		HideSolutionNode = FALSE
	EndGlobalSection
	GlobalSection(ExtensibilityGlobals) = postSolution
		SolutionGuid = {2A297E71-EC35-447D-94DD-AF6D77DC96DC}
	EndGlobalSection
EndGlobal
